{
  "name": "backend",
  "lockfileVersion": 3,
  "requires": true,
  "packages": {
    "": {
      "dependencies": {
        "@2gis/mapgl": "^1.60.0",
        "leaflet-2gis": "^1.0.1"
      }
    },
    "node_modules/@2gis/mapgl": {
      "version": "1.60.0",
      "resolved": "https://registry.npmjs.org/@2gis/mapgl/-/mapgl-1.60.0.tgz",
      "integrity": "sha512-PdM/yk0qP2ciO3nYMOPdnQedK0Yt4sfu+hgx8V81H7ro+6loP5/RdB6eYEftcp9IkeJ0WIYMR5T4NZUekNjHDQ==",
      "license": "BSD-2-Clause",
      "dependencies": {
        "@types/geojson": "^7946.0.7"
      },
      "engines": {
        "node": ">=16.0.0"
      }
    },
    "node_modules/@types/geojson": {
      "version": "7946.0.16",
      "resolved": "https://registry.npmjs.org/@types/geojson/-/geojson-7946.0.16.tgz",
      "integrity": "sha512-6C8nqWur3j98U6+lXDfTUWIfgvZU+EumvpHKcYjujKH7woYyLj2sUmff0tRhrqM7BohUw7Pz3ZB1jj2gW9Fvmg==",
      "license": "MIT"
    },
    "node_modules/leaflet": {
      "version": "1.9.4",
      "resolved": "https://registry.npmjs.org/leaflet/-/leaflet-1.9.4.tgz",
      "integrity": "sha512-nxS1ynzJOmOlHp+iL3FyWqK89GtNL8U8rvlMOsQdTTssxZwCXh8N2NB3GDQOL+YR3XnWyZAxwQixURb+FA74PA==",
      "license": "BSD-2-Clause",
      "peer": true
    },
    "node_modules/leaflet-2gis": {
      "version": "1.0.1",
      "resolved": "https://registry.npmjs.org/leaflet-2gis/-/leaflet-2gis-1.0.1.tgz",
      "integrity": "sha512-60h9u51sVyXg0bQ/D/sAqotk6iBgcAMUrvWPE0QkK1bMEmy1M0NNHpqQlusDhVvGMoX9SGvGGCXW1ptFnPm2ZA==",
      "license": "MIT",
      "peerDependencies": {
        "leaflet": "^1.0.0"
      }
    }
  }
}
